
Microsoft Visual Studio Solution File, Format Version 12.00
# Visual Studio Version 17
VisualStudioVersion = 17.0.32014.148
MinimumVisualStudioVersion = 10.0.40219.1
Project("{FAE04EC0-301F-11D3-BF4B-00C04F79EFBC}") = "operatorler-2", "operatorler-2\operatorler-2.csproj", "{B0FF8D88-0B6B-4F17-949D-CB4FBB4D9242}"
EndProject
Global
	GlobalSection(SolutionConfigurationPlatforms) = preSolution
		Debug|Any CPU = Debug|Any CPU
		Release|Any CPU = Release|Any CPU
	EndGlobalSection
	GlobalSection(ProjectConfigurationPlatforms) = postSolution
		{B0FF8D88-0B6B-4F17-949D-CB4FBB4D9242}.Debug|Any CPU.ActiveCfg = Debug|Any CPU
		{B0FF8D88-0B6B-4F17-949D-CB4FBB4D9242}.Debug|Any CPU.Build.0 = Debug|Any CPU
		{B0FF8D88-0B6B-4F17-949D-CB4FBB4D9242}.Release|Any CPU.ActiveCfg = Release|Any CPU
		{B0FF8D88-0B6B-4F17-949D-CB4FBB4D9242}.Release|Any CPU.Build.0 = Release|Any CPU
	EndGlobalSection
	GlobalSection(SolutionProperties) = preSolution
		HideSolutionNode = FALSE
	EndGlobalSection
	GlobalSection(ExtensibilityGlobals) = postSolution
		SolutionGuid = {72B8713E-7E18-44D3-9793-0E763CAC4C72}
	EndGlobalSection
EndGlobal
